
Microsoft Visual Studio Solution File, Format Version 12.00
# Visual Studio Version 17
VisualStudioVersion = 17.5.33627.172
MinimumVisualStudioVersion = 10.0.40219.1
Project("{9A19103F-16F7-4668-BE54-9A1E7A4F7556}") = "01.Stealer", "01.Stealer\01.Stealer.csproj", "{4AB51E1F-43A9-49F8-8BAC-2E546BA55D19}"
EndProject
Project("{FAE04EC0-301F-11D3-BF4B-00C04F79EFBC}") = "02.High-Quality Mistakes", "02.1. High-Quality Mistakes\02.High-Quality Mistakes.csproj", "{5B6B41DA-054A-4084-B442-D05D873984D0}"
EndProject
Global
	GlobalSection(SolutionConfigurationPlatforms) = preSolution
		Debug|Any CPU = Debug|Any CPU
		Release|Any CPU = Release|Any CPU
	EndGlobalSection
	GlobalSection(ProjectConfigurationPlatforms) = postSolution
		{4AB51E1F-43A9-49F8-8BAC-2E546BA55D19}.Debug|Any CPU.ActiveCfg = Debug|Any CPU
		{4AB51E1F-43A9-49F8-8BAC-2E546BA55D19}.Debug|Any CPU.Build.0 = Debug|Any CPU
		{4AB51E1F-43A9-49F8-8BAC-2E546BA55D19}.Release|Any CPU.ActiveCfg = Release|Any CPU
		{4AB51E1F-43A9-49F8-8BAC-2E546BA55D19}.Release|Any CPU.Build.0 = Release|Any CPU
		{5B6B41DA-054A-4084-B442-D05D873984D0}.Debug|Any CPU.ActiveCfg = Debug|Any CPU
		{5B6B41DA-054A-4084-B442-D05D873984D0}.Debug|Any CPU.Build.0 = Debug|Any CPU
		{5B6B41DA-054A-4084-B442-D05D873984D0}.Release|Any CPU.ActiveCfg = Release|Any CPU
		{5B6B41DA-054A-4084-B442-D05D873984D0}.Release|Any CPU.Build.0 = Release|Any CPU
	EndGlobalSection
	GlobalSection(SolutionProperties) = preSolution
		HideSolutionNode = FALSE
	EndGlobalSection
	GlobalSection(ExtensibilityGlobals) = postSolution
		SolutionGuid = {B5A4FC30-5FEE-4D57-B2DF-396E6A154EC0}
	EndGlobalSection
EndGlobal
